
Microsoft Visual Studio Solution File, Format Version 12.00
# Visual Studio Version 16
VisualStudioVersion = 16.0.29411.108
MinimumVisualStudioVersion = 10.0.40219.1
Project("{8BC9CEB8-8B4A-11D0-8D11-00A0C91BC942}") = "Sample", "Sample.vcxproj", "{A88A593E-C64E-4A4C-900E-FB039A6C17DD}"
EndProject
Project("{8BC9CEB8-8B4A-11D0-8D11-00A0C91BC942}") = "Framework", "..\..\Framework\project\Framework.vcxproj", "{C59CCE27-E837-40E7-9A09-E8DA5107BCC1}"
EndProject
Global
	GlobalSection(SolutionConfigurationPlatforms) = preSolution
		Debug|x64 = Debug|x64
		Release|x64 = Release|x64
	EndGlobalSection
	GlobalSection(ProjectConfigurationPlatforms) = postSolution
		{A88A593E-C64E-4A4C-900E-FB039A6C17DD}.Debug|x64.ActiveCfg = Debug|x64
		{A88A593E-C64E-4A4C-900E-FB039A6C17DD}.Debug|x64.Build.0 = Debug|x64
		{A88A593E-C64E-4A4C-900E-FB039A6C17DD}.Release|x64.ActiveCfg = Release|x64
		{A88A593E-C64E-4A4C-900E-FB039A6C17DD}.Release|x64.Build.0 = Release|x64
		{C59CCE27-E837-40E7-9A09-E8DA5107BCC1}.Debug|x64.ActiveCfg = Debug|x64
		{C59CCE27-E837-40E7-9A09-E8DA5107BCC1}.Debug|x64.Build.0 = Debug|x64
		{C59CCE27-E837-40E7-9A09-E8DA5107BCC1}.Release|x64.ActiveCfg = Release|x64
		{C59CCE27-E837-40E7-9A09-E8DA5107BCC1}.Release|x64.Build.0 = Release|x64
	EndGlobalSection
	GlobalSection(SolutionProperties) = preSolution
		HideSolutionNode = FALSE
	EndGlobalSection
	GlobalSection(ExtensibilityGlobals) = postSolution
		SolutionGuid = {21BB2F75-8065-4D90-97C0-DA8D35208C01}
	EndGlobalSection
EndGlobal
